// !$*UTF8*$!
{
	archiveVersion = 1;
	classes = {
	};
	objectVersion = 50;
	objects = {

/* Begin PBXBuildFile section */
		4C0F5F0E244D090B00018893 /* AppDelegate.swift in Sources */ = {isa = PBXBuildFile; fileRef = 4C0F5F0D244D090B00018893 /* AppDelegate.swift */; };
		4C0F5F10244D090B00018893 /* SceneDelegate.swift in Sources */ = {isa = PBXBuildFile; fileRef = 4C0F5F0F244D090B00018893 /* SceneDelegate.swift */; };
		4C0F5F12244D090B00018893 /* ViewController.swift in Sources */ = {isa = PBXBuildFile; fileRef = 4C0F5F11244D090B00018893 /* ViewController.swift */; };
		4C0F5F15244D090B00018893 /* Main.storyboard in Resources */ = {isa = PBXBuildFile; fileRef = 4C0F5F13244D090B00018893 /* Main.storyboard */; };
		4C0F5F17244D090D00018893 /* Assets.xcassets in Resources */ = {isa = PBXBuildFile; fileRef = 4C0F5F16244D090D00018893 /* Assets.xcassets */; };
		4C0F5F1A244D090D00018893 /* LaunchScreen.storyboard in Resources */ = {isa = PBXBuildFile; fileRef = 4C0F5F18244D090D00018893 /* LaunchScreen.storyboard */; };
		4C256FFA2463695100DC4956 /* ItemCell.swift in Sources */ = {isa = PBXBuildFile; fileRef = 4C256FF92463695100DC4956 /* ItemCell.swift */; };
		4C8D217824525CF200FFEE46 /* CollectionTableViewCell.swift in Sources */ = {isa = PBXBuildFile; fileRef = 4C8D217624525CF200FFEE46 /* CollectionTableViewCell.swift */; };
		4C8D217924525CF200FFEE46 /* CollectionTableViewCell.xib in Resources */ = {isa = PBXBuildFile; fileRef = 4C8D217724525CF200FFEE46 /* CollectionTableViewCell.xib */; };
		4C8D217C24525D1600FFEE46 /* MyCollectionViewCell.swift in Sources */ = {isa = PBXBuildFile; fileRef = 4C8D217A24525D1600FFEE46 /* MyCollectionViewCell.swift */; };
		4C8D217D24525D1600FFEE46 /* MyCollectionViewCell.xib in Resources */ = {isa = PBXBuildFile; fileRef = 4C8D217B24525D1600FFEE46 /* MyCollectionViewCell.xib */; };
/* End PBXBuildFile section */

/* Begin PBXFileReference section */
		4C0F5F0A244D090B00018893 /* projectFood+.app */ = {isa = PBXFileReference; explicitFileType = wrapper.application; includeInIndex = 0; path = "projectFood+.app"; sourceTree = BUILT_PRODUCTS_DIR; };
		4C0F5F0D244D090B00018893 /* AppDelegate.swift */ = {isa = PBXFileReference; lastKnownFileType = sourcecode.swift; path = AppDelegate.swift; sourceTree = "<group>"; };
		4C0F5F0F244D090B00018893 /* SceneDelegate.swift */ = {isa = PBXFileReference; lastKnownFileType = sourcecode.swift; path = SceneDelegate.swift; sourceTree = "<group>"; };
		4C0F5F11244D090B00018893 /* ViewController.swift */ = {isa = PBXFileReference; lastKnownFileType = sourcecode.swift; path = ViewController.swift; sourceTree = "<group>"; };
		4C0F5F14244D090B00018893 /* Base */ = {isa = PBXFileReference; lastKnownFileType = file.storyboard; name = Base; path = Base.lproj/Main.storyboard; sourceTree = "<group>"; };
		4C0F5F16244D090D00018893 /* Assets.xcassets */ = {isa = PBXFileReference; lastKnownFileType = folder.assetcatalog; path = Assets.xcassets; sourceTree = "<group>"; };
		4C0F5F19244D090D00018893 /* Base */ = {isa = PBXFileReference; lastKnownFileType = file.storyboard; name = Base; path = Base.lproj/LaunchScreen.storyboard; sourceTree = "<group>"; };
		4C0F5F1B244D090D00018893 /* Info.plist */ = {isa = PBXFileReference; lastKnownFileType = text.plist.xml; path = Info.plist; sourceTree = "<group>"; };
		4C256FF92463695100DC4956 /* ItemCell.swift */ = {isa = PBXFileReference; lastKnownFileType = sourcecode.swift; path = ItemCell.swift; sourceTree = "<group>"; };
		4C8D217624525CF200FFEE46 /* CollectionTableViewCell.swift */ = {isa = PBXFileReference; lastKnownFileType = sourcecode.swift; path = CollectionTableViewCell.swift; sourceTree = "<group>"; };
		4C8D217724525CF200FFEE46 /* CollectionTableViewCell.xib */ = {isa = PBXFileReference; lastKnownFileType = file.xib; path = CollectionTableViewCell.xib; sourceTree = "<group>"; };
		4C8D217A24525D1600FFEE46 /* MyCollectionViewCell.swift */ = {isa = PBXFileReference; lastKnownFileType = sourcecode.swift; path = MyCollectionViewCell.swift; sourceTree = "<group>"; };
		4C8D217B24525D1600FFEE46 /* MyCollectionViewCell.xib */ = {isa = PBXFileReference; lastKnownFileType = file.xib; path = MyCollectionViewCell.xib; sourceTree = "<group>"; };
/* End PBXFileReference section */

/* Begin PBXFrameworksBuildPhase section */
		4C0F5F07244D090B00018893 /* Frameworks */ = {
			isa = PBXFrameworksBuildPhase;
			buildActionMask = 2147483647;
			files = (
			);
			runOnlyForDeploymentPostprocessing = 0;
		};
/* End PBXFrameworksBuildPhase section */

/* Begin PBXGroup section */
		4C0F5F01244D090B00018893 = {
			isa = PBXGroup;
			children = (
				4C0F5F0C244D090B00018893 /* projectFood+ */,
				4C0F5F0B244D090B00018893 /* Products */,
			);
			sourceTree = "<group>";
		};
		4C0F5F0B244D090B00018893 /* Products */ = {
			isa = PBXGroup;
			children = (
				4C0F5F0A244D090B00018893 /* projectFood+.app */,
			);
			name = Products;
			sourceTree = "<group>";
		};
		4C0F5F0C244D090B00018893 /* projectFood+ */ = {
			isa = PBXGroup;
			children = (
				4C8D217524525CAA00FFEE46 /* Collection Cell */,
				4C8D217424525C9000FFEE46 /* Table Cell */,
				4C0F5F0D244D090B00018893 /* AppDelegate.swift */,
				4C0F5F0F244D090B00018893 /* SceneDelegate.swift */,
				4C0F5F11244D090B00018893 /* ViewController.swift */,
				4C0F5F13244D090B00018893 /* Main.storyboard */,
				4C0F5F16244D090D00018893 /* Assets.xcassets */,
				4C0F5F18244D090D00018893 /* LaunchScreen.storyboard */,
				4C0F5F1B244D090D00018893 /* Info.plist */,
				4C256FF92463695100DC4956 /* ItemCell.swift */,
			);
			path = "projectFood+";
			sourceTree = "<group>";
		};
		4C8D217424525C9000FFEE46 /* Table Cell */ = {
			isa = PBXGroup;
			children = (
				4C8D217624525CF200FFEE46 /* CollectionTableViewCell.swift */,
				4C8D217724525CF200FFEE46 /* CollectionTableViewCell.xib */,
			);
			path = "Table Cell";
			sourceTree = "<group>";
		};
		4C8D217524525CAA00FFEE46 /* Collection Cell */ = {
			isa = PBXGroup;
			children = (
				4C8D217A24525D1600FFEE46 /* MyCollectionViewCell.swift */,
				4C8D217B24525D1600FFEE46 /* MyCollectionViewCell.xib */,
			);
			path = "Collection Cell";
			sourceTree = "<group>";
		};
/* End PBXGroup section */

/* Begin PBXNativeTarget section */
		4C0F5F09244D090B00018893 /* projectFood+ */ = {
			isa = PBXNativeTarget;
			buildConfigurationList = 4C0F5F1E244D090D00018893 /* Build configuration list for PBXNativeTarget "projectFood+" */;
			buildPhases = (
				4C0F5F06244D090B00018893 /* Sources */,
				4C0F5F07244D090B00018893 /* Frameworks */,
				4C0F5F08244D090B00018893 /* Resources */,
			);
			buildRules = (
			);
			dependencies = (
			);
			name = "projectFood+";
			productName = "projectFood+";
			productReference = 4C0F5F0A244D090B00018893 /* projectFood+.app */;
			productType = "com.apple.product-type.application";
		};
/* End PBXNativeTarget section */

/* Begin PBXProject section */
		4C0F5F02244D090B00018893 /* Project object */ = {
			isa = PBXProject;
			attributes = {
				LastSwiftUpdateCheck = 1140;
				LastUpgradeCheck = 1140;
				ORGANIZATIONNAME = "Ge Ou";
				TargetAttributes = {
					4C0F5F09244D090B00018893 = {
						CreatedOnToolsVersion = 11.4.1;
					};
				};
			};
			buildConfigurationList = 4C0F5F05244D090B00018893 /* Build configuration list for PBXProject "projectFood+" */;
			compatibilityVersion = "Xcode 9.3";
			developmentRegion = en;
			hasScannedForEncodings = 0;
			knownRegions = (
				en,
				Base,
			);
			mainGroup = 4C0F5F01244D090B00018893;
			productRefGroup = 4C0F5F0B244D090B00018893 /* Products */;
			projectDirPath = "";
			projectRoot = "";
			targets = (
				4C0F5F09244D090B00018893 /* projectFood+ */,
			);
		};
/* End PBXProject section */

/* Begin PBXResourcesBuildPhase section */
		4C0F5F08244D090B00018893 /* Resources */ = {
			isa = PBXResourcesBuildPhase;
			buildActionMask = 2147483647;
			files = (
				4C8D217D24525D1600FFEE46 /* MyCollectionViewCell.xib in Resources */,
				4C0F5F1A244D090D00018893 /* LaunchScreen.storyboard in Resources */,
				4C0F5F17244D090D00018893 /* Assets.xcassets in Resources */,
				4C0F5F15244D090B00018893 /* Main.storyboard in Resources */,
				4C8D217924525CF200FFEE46 /* CollectionTableViewCell.xib in Resources */,
			);
			runOnlyForDeploymentPostprocessing = 0;
		};
/* End PBXResourcesBuildPhase section */

/* Begin PBXSourcesBuildPhase section */
		4C0F5F06244D090B00018893 /* Sources */ = {
			isa = PBXSourcesBuildPhase;
			buildActionMask = 2147483647;
			files = (
				4C0F5F12244D090B00018893 /* ViewController.swift in Sources */,
				4C8D217C24525D1600FFEE46 /* MyCollectionViewCell.swift in Sources */,
				4C256FFA2463695100DC4956 /* ItemCell.swift in Sources */,
				4C0F5F0E244D090B00018893 /* AppDelegate.swift in Sources */,
				4C0F5F10244D090B00018893 /* SceneDelegate.swift in Sources */,
				4C8D217824525CF200FFEE46 /* CollectionTableViewCell.swift in Sources */,
			);
			runOnlyForDeploymentPostprocessing = 0;
		};
/* End PBXSourcesBuildPhase section */

/* Begin PBXVariantGroup section */
		4C0F5F13244D090B00018893 /* Main.storyboard */ = {
			isa = PBXVariantGroup;
			children = (
				4C0F5F14244D090B00018893 /* Base */,
			);
			name = Main.storyboard;
			sourceTree = "<group>";
		};
		4C0F5F18244D090D00018893 /* LaunchScreen.storyboard */ = {
			isa = PBXVariantGroup;
			children = (
				4C0F5F19244D090D00018893 /* Base */,
			);
			name = LaunchScreen.storyboard;
			sourceTree = "<group>";
		};
/* End PBXVariantGroup section */

/* Begin XCBuildConfiguration section */
		4C0F5F1C244D090D00018893 /* Debug */ = {
			isa = XCBuildConfiguration;
			buildSettings = {
				ALWAYS_SEARCH_USER_PATHS = NO;
				CLANG_ANALYZER_NONNULL = YES;
				CLANG_ANALYZER_NUMBER_OBJECT_CONVERSION = YES_AGGRESSIVE;
				CLANG_CXX_LANGUAGE_STANDARD = "gnu++14";
				CLANG_CXX_LIBRARY = "libc++";
				CLANG_ENABLE_MODULES = YES;
				CLANG_ENABLE_OBJC_ARC = YES;
				CLANG_ENABLE_OBJC_WEAK = YES;
				CLANG_WARN_BLOCK_CAPTURE_AUTORELEASING = YES;
				CLANG_WARN_BOOL_CONVERSION = YES;
				CLANG_WARN_COMMA = YES;
				CLANG_WARN_CONSTANT_CONVERSION = YES;
				CLANG_WARN_DEPRECATED_OBJC_IMPLEMENTATIONS = YES;
				CLANG_WARN_DIRECT_OBJC_ISA_USAGE = YES_ERROR;
				CLANG_WARN_DOCUMENTATION_COMMENTS = YES;
				CLANG_WARN_EMPTY_BODY = YES;
				CLANG_WARN_ENUM_CONVERSION = YES;
				CLANG_WARN_INFINITE_RECURSION = YES;
				CLANG_WARN_INT_CONVERSION = YES;
				CLANG_WARN_NON_LITERAL_NULL_CONVERSION = YES;
				CLANG_WARN_OBJC_IMPLICIT_RETAIN_SELF = YES;
				CLANG_WARN_OBJC_LITERAL_CONVERSION = YES;
				CLANG_WARN_OBJC_ROOT_CLASS = YES_ERROR;
				CLANG_WARN_RANGE_LOOP_ANALYSIS = YES;
				CLANG_WARN_STRICT_PROTOTYPES = YES;
				CLANG_WARN_SUSPICIOUS_MOVE = YES;
				CLANG_WARN_UNGUARDED_AVAILABILITY = YES_AGGRESSIVE;
				CLANG_WARN_UNREACHABLE_CODE = YES;
				CLANG_WARN__DUPLICATE_METHOD_MATCH = YES;
				COPY_PHASE_STRIP = NO;
				DEBUG_INFORMATION_FORMAT = dwarf;
				ENABLE_STRICT_OBJC_MSGSEND = YES;
				ENABLE_TESTABILITY = YES;
				GCC_C_LANGUAGE_STANDARD = gnu11;
				GCC_DYNAMIC_NO_PIC = NO;
				GCC_NO_COMMON_BLOCKS = YES;
				GCC_OPTIMIZATION_LEVEL = 0;
				GCC_PREPROCESSOR_DEFINITIONS = (
					"DEBUG=1",
					"$(inherited)",
				);
				GCC_WARN_64_TO_32_BIT_CONVERSION = YES;
				GCC_WARN_ABOUT_RETURN_TYPE = YES_ERROR;
				GCC_WARN_UNDECLARED_SELECTOR = YES;
				GCC_WARN_UNINITIALIZED_AUTOS = YES_AGGRESSIVE;
				GCC_WARN_UNUSED_FUNCTION = YES;
				GCC_WARN_UNUSED_VARIABLE = YES;
				IPHONEOS_DEPLOYMENT_TARGET = 13.4;
				MTL_ENABLE_DEBUG_INFO = INCLUDE_SOURCE;
				MTL_FAST_MATH = YES;
				ONLY_ACTIVE_ARCH = YES;
				SDKROOT = iphoneos;
				SWIFT_ACTIVE_COMPILATION_CONDITIONS = DEBUG;
				SWIFT_OPTIMIZATION_LEVEL = "-Onone";
			};
			name = Debug;
		};
		4C0F5F1D244D090D00018893 /* Release */ = {
			isa = XCBuildConfiguration;
			buildSettings = {
				ALWAYS_SEARCH_USER_PATHS = NO;
				CLANG_ANALYZER_NONNULL = YES;
				CLANG_ANALYZER_NUMBER_OBJECT_CONVERSION = YES_AGGRESSIVE;
				CLANG_CXX_LANGUAGE_STANDARD = "gnu++14";
				CLANG_CXX_LIBRARY = "libc++";
				CLANG_ENABLE_MODULES = YES;
				CLANG_ENABLE_OBJC_ARC = YES;
				CLANG_ENABLE_OBJC_WEAK = YES;
				CLANG_WARN_BLOCK_CAPTURE_AUTORELEASING = YES;
				CLANG_WARN_BOOL_CONVERSION = YES;
				CLANG_WARN_COMMA = YES;
				CLANG_WARN_CONSTANT_CONVERSION = YES;
				CLANG_WARN_DEPRECATED_OBJC_IMPLEMENTATIONS = YES;
				CLANG_WARN_DIRECT_OBJC_ISA_USAGE = YES_ERROR;
				CLANG_WARN_DOCUMENTATION_COMMENTS = YES;
				CLANG_WARN_EMPTY_BODY = YES;
				CLANG_WARN_ENUM_CONVERSION = YES;
				CLANG_WARN_INFINITE_RECURSION = YES;
				CLANG_WARN_INT_CONVERSION = YES;
				CLANG_WARN_NON_LITERAL_NULL_CONVERSION = YES;
				CLANG_WARN_OBJC_IMPLICIT_RETAIN_SELF = YES;
				CLANG_WARN_OBJC_LITERAL_CONVERSION = YES;
				CLANG_WARN_OBJC_ROOT_CLASS = YES_ERROR;
				CLANG_WARN_RANGE_LOOP_ANALYSIS = YES;
				CLANG_WARN_STRICT_PROTOTYPES = YES;
				CLANG_WARN_SUSPICIOUS_MOVE = YES;
				CLANG_WARN_UNGUARDED_AVAILABILITY = YES_AGGRESSIVE;
				CLANG_WARN_UNREACHABLE_CODE = YES;
				CLANG_WARN__DUPLICATE_METHOD_MATCH = YES;
				COPY_PHASE_STRIP = NO;
				DEBUG_INFORMATION_FORMAT = "dwarf-with-dsym";
				ENABLE_NS_ASSERTIONS = NO;
				ENABLE_STRICT_OBJC_MSGSEND = YES;
				GCC_C_LANGUAGE_STANDARD = gnu11;
				GCC_NO_COMMON_BLOCKS = YES;
				GCC_WARN_64_TO_32_BIT_CONVERSION = YES;
				GCC_WARN_ABOUT_RETURN_TYPE = YES_ERROR;
				GCC_WARN_UNDECLARED_SELECTOR = YES;
				GCC_WARN_UNINITIALIZED_AUTOS = YES_AGGRESSIVE;
				GCC_WARN_UNUSED_FUNCTION = YES;
				GCC_WARN_UNUSED_VARIABLE = YES;
				IPHONEOS_DEPLOYMENT_TARGET = 13.4;
				MTL_ENABLE_DEBUG_INFO = NO;
				MTL_FAST_MATH = YES;
				SDKROOT = iphoneos;
				SWIFT_COMPILATION_MODE = wholemodule;
				SWIFT_OPTIMIZATION_LEVEL = "-O";
				VALIDATE_PRODUCT = YES;
			};
			name = Release;
		};
		4C0F5F1F244D090D00018893 /* Debug */ = {
			isa = XCBuildConfiguration;
			buildSettings = {
				ASSETCATALOG_COMPILER_APPICON_NAME = AppIcon;
				CODE_SIGN_STYLE = Automatic;
				DEVELOPMENT_TEAM = 4R472KH7FF;
				INFOPLIST_FILE = "projectFood+/Info.plist";
				LD_RUNPATH_SEARCH_PATHS = (
					"$(inherited)",
					"@executable_path/Frameworks",
				);
				PRODUCT_BUNDLE_IDENTIFIER = "J.projectFood-";
				PRODUCT_NAME = "$(TARGET_NAME)";
				SWIFT_VERSION = 5.0;
				TARGETED_DEVICE_FAMILY = "1,2";
			};
			name = Debug;
		};
		4C0F5F20244D090D00018893 /* Release */ = {
			isa = XCBuildConfiguration;
			buildSettings = {
				ASSETCATALOG_COMPILER_APPICON_NAME = AppIcon;
				CODE_SIGN_STYLE = Automatic;
				DEVELOPMENT_TEAM = 4R472KH7FF;
				INFOPLIST_FILE = "projectFood+/Info.plist";
				LD_RUNPATH_SEARCH_PATHS = (
					"$(inherited)",
					"@executable_path/Frameworks",
				);
				PRODUCT_BUNDLE_IDENTIFIER = "J.projectFood-";
				PRODUCT_NAME = "$(TARGET_NAME)";
				SWIFT_VERSION = 5.0;
				TARGETED_DEVICE_FAMILY = "1,2";
			};
			name = Release;
		};
/* End XCBuildConfiguration section */

/* Begin XCConfigurationList section */
		4C0F5F05244D090B00018893 /* Build configuration list for PBXProject "projectFood+" */ = {
			isa = XCConfigurationList;
			buildConfigurations = (
				4C0F5F1C244D090D00018893 /* Debug */,
				4C0F5F1D244D090D00018893 /* Release */,
			);
			defaultConfigurationIsVisible = 0;
			defaultConfigurationName = Release;
		};
		4C0F5F1E244D090D00018893 /* Build configuration list for PBXNativeTarget "projectFood+" */ = {
			isa = XCConfigurationList;
			buildConfigurations = (
				4C0F5F1F244D090D00018893 /* Debug */,
				4C0F5F20244D090D00018893 /* Release */,
			);
			defaultConfigurationIsVisible = 0;
			defaultConfigurationName = Release;
		};
/* End XCConfigurationList section */
	};
	rootObject = 4C0F5F02244D090B00018893 /* Project object */;
}
